
Microsoft Visual Studio Solution File, Format Version 12.00
# Visual Studio 15
VisualStudioVersion = 15.0.28010.2046
MinimumVisualStudioVersion = 10.0.40219.1
Project("{9A19103F-16F7-4668-BE54-9A1E7A4F7556}") = "FizzBuzz", "FizzBuzz\FizzBuzz.csproj", "{7307CA46-E910-47CD-B918-D82928DBF3BC}"
EndProject
Project("{FAE04EC0-301F-11D3-BF4B-00C04F79EFBC}") = "FizzBuzzLibrary", "FizzBuzzLibrary\FizzBuzzLibrary.csproj", "{063B6000-ADAD-49C7-9CE8-6ED300B74151}"
EndProject
Project("{FAE04EC0-301F-11D3-BF4B-00C04F79EFBC}") = "FizzBuzzTestLibrary", "FizzBuzzTestLibrary\FizzBuzzTestLibrary.csproj", "{71ED2F9F-1501-4336-99E4-EEB59701B992}"
EndProject
Global
	GlobalSection(SolutionConfigurationPlatforms) = preSolution
		Debug|Any CPU = Debug|Any CPU
		Release|Any CPU = Release|Any CPU
	EndGlobalSection
	GlobalSection(ProjectConfigurationPlatforms) = postSolution
		{7307CA46-E910-47CD-B918-D82928DBF3BC}.Debug|Any CPU.ActiveCfg = Debug|Any CPU
		{7307CA46-E910-47CD-B918-D82928DBF3BC}.Debug|Any CPU.Build.0 = Debug|Any CPU
		{7307CA46-E910-47CD-B918-D82928DBF3BC}.Release|Any CPU.ActiveCfg = Release|Any CPU
		{7307CA46-E910-47CD-B918-D82928DBF3BC}.Release|Any CPU.Build.0 = Release|Any CPU
		{063B6000-ADAD-49C7-9CE8-6ED300B74151}.Debug|Any CPU.ActiveCfg = Debug|Any CPU
		{063B6000-ADAD-49C7-9CE8-6ED300B74151}.Debug|Any CPU.Build.0 = Debug|Any CPU
		{063B6000-ADAD-49C7-9CE8-6ED300B74151}.Release|Any CPU.ActiveCfg = Release|Any CPU
		{063B6000-ADAD-49C7-9CE8-6ED300B74151}.Release|Any CPU.Build.0 = Release|Any CPU
		{71ED2F9F-1501-4336-99E4-EEB59701B992}.Debug|Any CPU.ActiveCfg = Debug|Any CPU
		{71ED2F9F-1501-4336-99E4-EEB59701B992}.Debug|Any CPU.Build.0 = Debug|Any CPU
		{71ED2F9F-1501-4336-99E4-EEB59701B992}.Release|Any CPU.ActiveCfg = Release|Any CPU
		{71ED2F9F-1501-4336-99E4-EEB59701B992}.Release|Any CPU.Build.0 = Release|Any CPU
	EndGlobalSection
	GlobalSection(SolutionProperties) = preSolution
		HideSolutionNode = FALSE
	EndGlobalSection
	GlobalSection(ExtensibilityGlobals) = postSolution
		SolutionGuid = {A19A7AB9-9065-45B5-B89F-E575F7DD730E}
	EndGlobalSection
EndGlobal
